
Microsoft Visual Studio Solution File, Format Version 12.00
# Visual Studio Version 17
VisualStudioVersion = 17.9.34622.214
MinimumVisualStudioVersion = 10.0.40219.1
Project("{FAE04EC0-301F-11D3-BF4B-00C04F79EFBC}") = "Persia.Net", "src\Persia.Net\Persia.Net.csproj", "{66453D34-9378-4A21-9826-70BE8FB1B46C}"
EndProject
Global
	GlobalSection(SolutionConfigurationPlatforms) = preSolution
		Debug|Any CPU = Debug|Any CPU
		Release|Any CPU = Release|Any CPU
	EndGlobalSection
	GlobalSection(ProjectConfigurationPlatforms) = postSolution
		{66453D34-9378-4A21-9826-70BE8FB1B46C}.Debug|Any CPU.ActiveCfg = Debug|Any CPU
		{66453D34-9378-4A21-9826-70BE8FB1B46C}.Debug|Any CPU.Build.0 = Debug|Any CPU
		{66453D34-9378-4A21-9826-70BE8FB1B46C}.Release|Any CPU.ActiveCfg = Release|Any CPU
		{66453D34-9378-4A21-9826-70BE8FB1B46C}.Release|Any CPU.Build.0 = Release|Any CPU
	EndGlobalSection
	GlobalSection(SolutionProperties) = preSolution
		HideSolutionNode = FALSE
	EndGlobalSection
	GlobalSection(ExtensibilityGlobals) = postSolution
		SolutionGuid = {34C05A37-E761-4DE9-9FEC-0663251D97D1}
	EndGlobalSection
EndGlobal
